
Microsoft Visual Studio Solution File, Format Version 12.00
# Visual Studio Version 17
VisualStudioVersion = 17.10.35013.160
MinimumVisualStudioVersion = 10.0.40219.1
Project("{FAE04EC0-301F-11D3-BF4B-00C04F79EFBC}") = "FirstGitCode", "FirstGitCode\FirstGitCode.csproj", "{430AB6E5-327D-492F-B544-5E24925C2140}"
EndProject
Global
	GlobalSection(SolutionConfigurationPlatforms) = preSolution
		Debug|Any CPU = Debug|Any CPU
		Release|Any CPU = Release|Any CPU
	EndGlobalSection
	GlobalSection(ProjectConfigurationPlatforms) = postSolution
		{430AB6E5-327D-492F-B544-5E24925C2140}.Debug|Any CPU.ActiveCfg = Debug|Any CPU
		{430AB6E5-327D-492F-B544-5E24925C2140}.Debug|Any CPU.Build.0 = Debug|Any CPU
		{430AB6E5-327D-492F-B544-5E24925C2140}.Release|Any CPU.ActiveCfg = Release|Any CPU
		{430AB6E5-327D-492F-B544-5E24925C2140}.Release|Any CPU.Build.0 = Release|Any CPU
	EndGlobalSection
	GlobalSection(SolutionProperties) = preSolution
		HideSolutionNode = FALSE
	EndGlobalSection
	GlobalSection(ExtensibilityGlobals) = postSolution
		SolutionGuid = {603B8356-0280-4477-9606-106BE759F87A}
	EndGlobalSection
EndGlobal
